
Microsoft Visual Studio Solution File, Format Version 12.00
# Visual Studio Version 17
VisualStudioVersion = 17.8.34316.72
MinimumVisualStudioVersion = 10.0.40219.1
Project("{2150E333-8FDC-42A3-9474-1A3956D46DE8}") = "Bus", "Bus", "{56A4537A-1E26-416B-9A81-A9F324C79B14}"
EndProject
Project("{2150E333-8FDC-42A3-9474-1A3956D46DE8}") = "Domain", "Domain", "{4C88EBF9-E797-4791-AF0A-80F76C252E4B}"
EndProject
Project("{2150E333-8FDC-42A3-9474-1A3956D46DE8}") = "IoC", "IoC", "{37C4E177-69EB-44F8-9912-B18637090DA5}"
EndProject
Project("{2150E333-8FDC-42A3-9474-1A3956D46DE8}") = "Microservices", "Microservices", "{646B982A-1479-48B5-9656-C56F9F1566DC}"
EndProject
Project("{2150E333-8FDC-42A3-9474-1A3956D46DE8}") = "Presentation", "Presentation", "{39835DBC-6AD5-4432-BA57-EE7BCAA56B9E}"
EndProject
Project("{2150E333-8FDC-42A3-9474-1A3956D46DE8}") = "Sale", "Sale", "{BD39A407-BC31-422D-BB00-E41A177935E2}"
EndProject
Project("{2150E333-8FDC-42A3-9474-1A3956D46DE8}") = "Notification", "Notification", "{612C7931-CAB3-4211-A037-4389115D3392}"
EndProject
Project("{2150E333-8FDC-42A3-9474-1A3956D46DE8}") = "Api", "Api", "{44F27655-8F6D-4746-A34A-11E642BBF1A3}"
EndProject
Project("{2150E333-8FDC-42A3-9474-1A3956D46DE8}") = "Domain", "Domain", "{42A63502-B80A-4CD0-A8B4-38ABDB631ED2}"
EndProject
Project("{2150E333-8FDC-42A3-9474-1A3956D46DE8}") = "Api", "Api", "{36958037-8091-4B05-8FE2-B00013391762}"
EndProject
Project("{2150E333-8FDC-42A3-9474-1A3956D46DE8}") = "Domain", "Domain", "{77563E8A-4C31-45BF-93C9-1DC10F0260D8}"
EndProject
Project("{9A19103F-16F7-4668-BE54-9A1E7A4F7556}") = "BookSale.Notification.Api", "BookSale.Notification.Api\BookSale.Notification.Api.csproj", "{2234B9FB-0D99-4E01-8546-CB9CB3FB3E95}"
EndProject
Project("{9A19103F-16F7-4668-BE54-9A1E7A4F7556}") = "BookSale.Sale.Api", "BookSale.Sale.Api\BookSale.Sale.Api.csproj", "{ED750E68-66B5-4E21-8201-4436ABCCAD61}"
EndProject
Project("{9A19103F-16F7-4668-BE54-9A1E7A4F7556}") = "BookSale.Sale.Domain", "BookSale.Sale.Domain\BookSale.Sale.Domain.csproj", "{A60E9222-F9D4-463B-A357-6CF150A1F082}"
EndProject
Project("{9A19103F-16F7-4668-BE54-9A1E7A4F7556}") = "BookSale.Notification.Domain", "BookSale.Notification.Domain\BookSale.Notification.Domain.csproj", "{74576167-5BDA-4162-9A97-D5414ECBA2D6}"
EndProject
Project("{9A19103F-16F7-4668-BE54-9A1E7A4F7556}") = "BookSale.MVC", "BookSale.MVC\BookSale.MVC.csproj", "{6779E5FC-7A4C-4EC8-B150-ECAF9FC85AB5}"
EndProject
Project("{9A19103F-16F7-4668-BE54-9A1E7A4F7556}") = "BookSale.Bus", "BookSale.Bus\BookSale.Bus.csproj", "{EA5920B9-258E-4EAE-A3D7-0E3AEA97C4CB}"
EndProject
Project("{9A19103F-16F7-4668-BE54-9A1E7A4F7556}") = "BookSale.Domain.Core", "BookSale.Domain.Core\BookSale.Domain.Core.csproj", "{0A2F82CD-D4DE-47AD-BD8D-E5B873A6017B}"
EndProject
Project("{9A19103F-16F7-4668-BE54-9A1E7A4F7556}") = "BookSale.IoC", "BookSale.IoC\BookSale.IoC.csproj", "{8CB286B9-D77F-4EDA-8078-6A4E46A02A9B}"
EndProject
Project("{2150E333-8FDC-42A3-9474-1A3956D46DE8}") = "Business", "Business", "{2A2298F3-DECF-41C0-B356-138479B1E056}"
EndProject
Project("{2150E333-8FDC-42A3-9474-1A3956D46DE8}") = "DataAccess", "DataAccess", "{904EED1F-A21B-4252-982D-B6E2AC371F48}"
EndProject
Project("{2150E333-8FDC-42A3-9474-1A3956D46DE8}") = "Business", "Business", "{84AC8E33-70A3-47FF-AE06-702FC5D91F86}"
EndProject
Project("{2150E333-8FDC-42A3-9474-1A3956D46DE8}") = "DataAccess", "DataAccess", "{CC6085B7-3667-4EB3-8D99-7CA3244383EF}"
EndProject
Project("{9A19103F-16F7-4668-BE54-9A1E7A4F7556}") = "BookSale.Notification.Business", "BookSale.Notification.Business\BookSale.Notification.Business.csproj", "{74A0B59A-224C-41FC-B577-0D34C827D19F}"
EndProject
Project("{9A19103F-16F7-4668-BE54-9A1E7A4F7556}") = "BookSale.Notification.DataAccess", "BookSale.Notification.DataAccess\BookSale.Notification.DataAccess.csproj", "{59CEEB13-7DBA-4E1C-8557-F8EA064B0EAB}"
EndProject
Project("{9A19103F-16F7-4668-BE54-9A1E7A4F7556}") = "BookSale.Sale.Business", "BookSale.Sale.Business\BookSale.Sale.Business.csproj", "{76A854E1-3D60-46C7-8C72-3BEE5342DC6A}"
EndProject
Project("{9A19103F-16F7-4668-BE54-9A1E7A4F7556}") = "BookSale.Sale.DataAccess", "BookSale.Sale.DataAccess\BookSale.Sale.DataAccess.csproj", "{3614E5DA-E557-4D7B-92B4-55656329FF44}"
EndProject
Project("{2150E333-8FDC-42A3-9474-1A3956D46DE8}") = "Entities", "Entities", "{74905FB1-3721-4BC7-8FF6-B95A19376F56}"
EndProject
Project("{2150E333-8FDC-42A3-9474-1A3956D46DE8}") = "Entities", "Entities", "{C5FF55DE-5118-414F-91F1-FA76E3CB4BC7}"
EndProject
Project("{9A19103F-16F7-4668-BE54-9A1E7A4F7556}") = "BookSale.Sale.Entities", "BookSale.Sale.Entities\BookSale.Sale.Entities.csproj", "{D0DE6C44-058A-4CAF-AAFD-5AA1CAFFCF00}"
EndProject
Project("{2150E333-8FDC-42A3-9474-1A3956D46DE8}") = "ValidationRules", "ValidationRules", "{168638CA-26FA-480F-BBD7-041A6D59A4F8}"
EndProject
Project("{9A19103F-16F7-4668-BE54-9A1E7A4F7556}") = "BookSale.Sale.ValidationRules", "BookSale.Sale.ValidationRules\BookSale.Sale.ValidationRules.csproj", "{CD72E8CC-FF06-4C00-B918-CFD457B94F99}"
EndProject
Project("{2150E333-8FDC-42A3-9474-1A3956D46DE8}") = "Utility", "Utility", "{7BCB4153-791D-4B38-97F8-66CDCE11F814}"
EndProject
Project("{9A19103F-16F7-4668-BE54-9A1E7A4F7556}") = "BookSale.Sale.Utility", "BookSale.Sale.Utilities\BookSale.Sale.Utility.csproj", "{36059A2E-FBA2-4D4E-A8A2-B93615B65114}"
EndProject
Global
	GlobalSection(SolutionConfigurationPlatforms) = preSolution
		Debug|Any CPU = Debug|Any CPU
		Release|Any CPU = Release|Any CPU
	EndGlobalSection
	GlobalSection(ProjectConfigurationPlatforms) = postSolution
		{2234B9FB-0D99-4E01-8546-CB9CB3FB3E95}.Debug|Any CPU.ActiveCfg = Debug|Any CPU
		{2234B9FB-0D99-4E01-8546-CB9CB3FB3E95}.Debug|Any CPU.Build.0 = Debug|Any CPU
		{2234B9FB-0D99-4E01-8546-CB9CB3FB3E95}.Release|Any CPU.ActiveCfg = Release|Any CPU
		{2234B9FB-0D99-4E01-8546-CB9CB3FB3E95}.Release|Any CPU.Build.0 = Release|Any CPU
		{ED750E68-66B5-4E21-8201-4436ABCCAD61}.Debug|Any CPU.ActiveCfg = Debug|Any CPU
		{ED750E68-66B5-4E21-8201-4436ABCCAD61}.Debug|Any CPU.Build.0 = Debug|Any CPU
		{ED750E68-66B5-4E21-8201-4436ABCCAD61}.Release|Any CPU.ActiveCfg = Release|Any CPU
		{ED750E68-66B5-4E21-8201-4436ABCCAD61}.Release|Any CPU.Build.0 = Release|Any CPU
		{A60E9222-F9D4-463B-A357-6CF150A1F082}.Debug|Any CPU.ActiveCfg = Debug|Any CPU
		{A60E9222-F9D4-463B-A357-6CF150A1F082}.Debug|Any CPU.Build.0 = Debug|Any CPU
		{A60E9222-F9D4-463B-A357-6CF150A1F082}.Release|Any CPU.ActiveCfg = Release|Any CPU
		{A60E9222-F9D4-463B-A357-6CF150A1F082}.Release|Any CPU.Build.0 = Release|Any CPU
		{74576167-5BDA-4162-9A97-D5414ECBA2D6}.Debug|Any CPU.ActiveCfg = Debug|Any CPU
		{74576167-5BDA-4162-9A97-D5414ECBA2D6}.Debug|Any CPU.Build.0 = Debug|Any CPU
		{74576167-5BDA-4162-9A97-D5414ECBA2D6}.Release|Any CPU.ActiveCfg = Release|Any CPU
		{74576167-5BDA-4162-9A97-D5414ECBA2D6}.Release|Any CPU.Build.0 = Release|Any CPU
		{6779E5FC-7A4C-4EC8-B150-ECAF9FC85AB5}.Debug|Any CPU.ActiveCfg = Debug|Any CPU
		{6779E5FC-7A4C-4EC8-B150-ECAF9FC85AB5}.Debug|Any CPU.Build.0 = Debug|Any CPU
		{6779E5FC-7A4C-4EC8-B150-ECAF9FC85AB5}.Release|Any CPU.ActiveCfg = Release|Any CPU
		{6779E5FC-7A4C-4EC8-B150-ECAF9FC85AB5}.Release|Any CPU.Build.0 = Release|Any CPU
		{EA5920B9-258E-4EAE-A3D7-0E3AEA97C4CB}.Debug|Any CPU.ActiveCfg = Debug|Any CPU
		{EA5920B9-258E-4EAE-A3D7-0E3AEA97C4CB}.Debug|Any CPU.Build.0 = Debug|Any CPU
		{EA5920B9-258E-4EAE-A3D7-0E3AEA97C4CB}.Release|Any CPU.ActiveCfg = Release|Any CPU
		{EA5920B9-258E-4EAE-A3D7-0E3AEA97C4CB}.Release|Any CPU.Build.0 = Release|Any CPU
		{0A2F82CD-D4DE-47AD-BD8D-E5B873A6017B}.Debug|Any CPU.ActiveCfg = Debug|Any CPU
		{0A2F82CD-D4DE-47AD-BD8D-E5B873A6017B}.Debug|Any CPU.Build.0 = Debug|Any CPU
		{0A2F82CD-D4DE-47AD-BD8D-E5B873A6017B}.Release|Any CPU.ActiveCfg = Release|Any CPU
		{0A2F82CD-D4DE-47AD-BD8D-E5B873A6017B}.Release|Any CPU.Build.0 = Release|Any CPU
		{8CB286B9-D77F-4EDA-8078-6A4E46A02A9B}.Debug|Any CPU.ActiveCfg = Debug|Any CPU
		{8CB286B9-D77F-4EDA-8078-6A4E46A02A9B}.Debug|Any CPU.Build.0 = Debug|Any CPU
		{8CB286B9-D77F-4EDA-8078-6A4E46A02A9B}.Release|Any CPU.ActiveCfg = Release|Any CPU
		{8CB286B9-D77F-4EDA-8078-6A4E46A02A9B}.Release|Any CPU.Build.0 = Release|Any CPU
		{74A0B59A-224C-41FC-B577-0D34C827D19F}.Debug|Any CPU.ActiveCfg = Debug|Any CPU
		{74A0B59A-224C-41FC-B577-0D34C827D19F}.Debug|Any CPU.Build.0 = Debug|Any CPU
		{74A0B59A-224C-41FC-B577-0D34C827D19F}.Release|Any CPU.ActiveCfg = Release|Any CPU
		{74A0B59A-224C-41FC-B577-0D34C827D19F}.Release|Any CPU.Build.0 = Release|Any CPU
		{59CEEB13-7DBA-4E1C-8557-F8EA064B0EAB}.Debug|Any CPU.ActiveCfg = Debug|Any CPU
		{59CEEB13-7DBA-4E1C-8557-F8EA064B0EAB}.Debug|Any CPU.Build.0 = Debug|Any CPU
		{59CEEB13-7DBA-4E1C-8557-F8EA064B0EAB}.Release|Any CPU.ActiveCfg = Release|Any CPU
		{59CEEB13-7DBA-4E1C-8557-F8EA064B0EAB}.Release|Any CPU.Build.0 = Release|Any CPU
		{76A854E1-3D60-46C7-8C72-3BEE5342DC6A}.Debug|Any CPU.ActiveCfg = Debug|Any CPU
		{76A854E1-3D60-46C7-8C72-3BEE5342DC6A}.Debug|Any CPU.Build.0 = Debug|Any CPU
		{76A854E1-3D60-46C7-8C72-3BEE5342DC6A}.Release|Any CPU.ActiveCfg = Release|Any CPU
		{76A854E1-3D60-46C7-8C72-3BEE5342DC6A}.Release|Any CPU.Build.0 = Release|Any CPU
		{3614E5DA-E557-4D7B-92B4-55656329FF44}.Debug|Any CPU.ActiveCfg = Debug|Any CPU
		{3614E5DA-E557-4D7B-92B4-55656329FF44}.Debug|Any CPU.Build.0 = Debug|Any CPU
		{3614E5DA-E557-4D7B-92B4-55656329FF44}.Release|Any CPU.ActiveCfg = Release|Any CPU
		{3614E5DA-E557-4D7B-92B4-55656329FF44}.Release|Any CPU.Build.0 = Release|Any CPU
		{D0DE6C44-058A-4CAF-AAFD-5AA1CAFFCF00}.Debug|Any CPU.ActiveCfg = Debug|Any CPU
		{D0DE6C44-058A-4CAF-AAFD-5AA1CAFFCF00}.Debug|Any CPU.Build.0 = Debug|Any CPU
		{D0DE6C44-058A-4CAF-AAFD-5AA1CAFFCF00}.Release|Any CPU.ActiveCfg = Release|Any CPU
		{D0DE6C44-058A-4CAF-AAFD-5AA1CAFFCF00}.Release|Any CPU.Build.0 = Release|Any CPU
		{CD72E8CC-FF06-4C00-B918-CFD457B94F99}.Debug|Any CPU.ActiveCfg = Debug|Any CPU
		{CD72E8CC-FF06-4C00-B918-CFD457B94F99}.Debug|Any CPU.Build.0 = Debug|Any CPU
		{CD72E8CC-FF06-4C00-B918-CFD457B94F99}.Release|Any CPU.ActiveCfg = Release|Any CPU
		{CD72E8CC-FF06-4C00-B918-CFD457B94F99}.Release|Any CPU.Build.0 = Release|Any CPU
		{36059A2E-FBA2-4D4E-A8A2-B93615B65114}.Debug|Any CPU.ActiveCfg = Debug|Any CPU
		{36059A2E-FBA2-4D4E-A8A2-B93615B65114}.Debug|Any CPU.Build.0 = Debug|Any CPU
		{36059A2E-FBA2-4D4E-A8A2-B93615B65114}.Release|Any CPU.ActiveCfg = Release|Any CPU
		{36059A2E-FBA2-4D4E-A8A2-B93615B65114}.Release|Any CPU.Build.0 = Release|Any CPU
	EndGlobalSection
	GlobalSection(SolutionProperties) = preSolution
		HideSolutionNode = FALSE
	EndGlobalSection
	GlobalSection(NestedProjects) = preSolution
		{BD39A407-BC31-422D-BB00-E41A177935E2} = {646B982A-1479-48B5-9656-C56F9F1566DC}
		{612C7931-CAB3-4211-A037-4389115D3392} = {646B982A-1479-48B5-9656-C56F9F1566DC}
		{44F27655-8F6D-4746-A34A-11E642BBF1A3} = {612C7931-CAB3-4211-A037-4389115D3392}
		{42A63502-B80A-4CD0-A8B4-38ABDB631ED2} = {612C7931-CAB3-4211-A037-4389115D3392}
		{36958037-8091-4B05-8FE2-B00013391762} = {BD39A407-BC31-422D-BB00-E41A177935E2}
		{77563E8A-4C31-45BF-93C9-1DC10F0260D8} = {BD39A407-BC31-422D-BB00-E41A177935E2}
		{2234B9FB-0D99-4E01-8546-CB9CB3FB3E95} = {44F27655-8F6D-4746-A34A-11E642BBF1A3}
		{ED750E68-66B5-4E21-8201-4436ABCCAD61} = {36958037-8091-4B05-8FE2-B00013391762}
		{A60E9222-F9D4-463B-A357-6CF150A1F082} = {77563E8A-4C31-45BF-93C9-1DC10F0260D8}
		{74576167-5BDA-4162-9A97-D5414ECBA2D6} = {42A63502-B80A-4CD0-A8B4-38ABDB631ED2}
		{6779E5FC-7A4C-4EC8-B150-ECAF9FC85AB5} = {39835DBC-6AD5-4432-BA57-EE7BCAA56B9E}
		{EA5920B9-258E-4EAE-A3D7-0E3AEA97C4CB} = {56A4537A-1E26-416B-9A81-A9F324C79B14}
		{0A2F82CD-D4DE-47AD-BD8D-E5B873A6017B} = {4C88EBF9-E797-4791-AF0A-80F76C252E4B}
		{8CB286B9-D77F-4EDA-8078-6A4E46A02A9B} = {37C4E177-69EB-44F8-9912-B18637090DA5}
		{2A2298F3-DECF-41C0-B356-138479B1E056} = {612C7931-CAB3-4211-A037-4389115D3392}
		{904EED1F-A21B-4252-982D-B6E2AC371F48} = {612C7931-CAB3-4211-A037-4389115D3392}
		{84AC8E33-70A3-47FF-AE06-702FC5D91F86} = {BD39A407-BC31-422D-BB00-E41A177935E2}
		{CC6085B7-3667-4EB3-8D99-7CA3244383EF} = {BD39A407-BC31-422D-BB00-E41A177935E2}
		{74A0B59A-224C-41FC-B577-0D34C827D19F} = {2A2298F3-DECF-41C0-B356-138479B1E056}
		{59CEEB13-7DBA-4E1C-8557-F8EA064B0EAB} = {904EED1F-A21B-4252-982D-B6E2AC371F48}
		{76A854E1-3D60-46C7-8C72-3BEE5342DC6A} = {84AC8E33-70A3-47FF-AE06-702FC5D91F86}
		{3614E5DA-E557-4D7B-92B4-55656329FF44} = {CC6085B7-3667-4EB3-8D99-7CA3244383EF}
		{74905FB1-3721-4BC7-8FF6-B95A19376F56} = {612C7931-CAB3-4211-A037-4389115D3392}
		{C5FF55DE-5118-414F-91F1-FA76E3CB4BC7} = {BD39A407-BC31-422D-BB00-E41A177935E2}
		{D0DE6C44-058A-4CAF-AAFD-5AA1CAFFCF00} = {C5FF55DE-5118-414F-91F1-FA76E3CB4BC7}
		{168638CA-26FA-480F-BBD7-041A6D59A4F8} = {BD39A407-BC31-422D-BB00-E41A177935E2}
		{CD72E8CC-FF06-4C00-B918-CFD457B94F99} = {168638CA-26FA-480F-BBD7-041A6D59A4F8}
		{7BCB4153-791D-4B38-97F8-66CDCE11F814} = {BD39A407-BC31-422D-BB00-E41A177935E2}
		{36059A2E-FBA2-4D4E-A8A2-B93615B65114} = {7BCB4153-791D-4B38-97F8-66CDCE11F814}
	EndGlobalSection
	GlobalSection(ExtensibilityGlobals) = postSolution
		SolutionGuid = {44FAA3C9-9C35-4D41-A766-49CE54CD5AB3}
	EndGlobalSection
EndGlobal
